
Microsoft Visual Studio Solution File, Format Version 12.00
# Visual Studio Version 17
VisualStudioVersion = 17.5.33502.453
MinimumVisualStudioVersion = 10.0.40219.1
Project("{FAE04EC0-301F-11D3-BF4B-00C04F79EFBC}") = "ItemChecker", "ItemChecker\ItemChecker.csproj", "{06356CF3-82E1-48A7-B1D1-0539B4AB2828}"
EndProject
Project("{FAE04EC0-301F-11D3-BF4B-00C04F79EFBC}") = "ItemChecker.Net", "ItemChecker.Net\ItemChecker.Net.csproj", "{1632BA8D-B0EB-4907-A6B4-A7B9F225FE90}"
EndProject
Project("{FAE04EC0-301F-11D3-BF4B-00C04F79EFBC}") = "ItemChecker.Support", "ItemChecker.Support\ItemChecker.Support.csproj", "{8B18A88C-084C-42F3-A970-1533E180B7D2}"
EndProject
Global
	GlobalSection(SolutionConfigurationPlatforms) = preSolution
		Debug|Any CPU = Debug|Any CPU
		Debug|ARM64 = Debug|ARM64
		Debug|x64 = Debug|x64
		Debug|x86 = Debug|x86
		Release|Any CPU = Release|Any CPU
		Release|ARM64 = Release|ARM64
		Release|x64 = Release|x64
		Release|x86 = Release|x86
	EndGlobalSection
	GlobalSection(ProjectConfigurationPlatforms) = postSolution
		{06356CF3-82E1-48A7-B1D1-0539B4AB2828}.Debug|Any CPU.ActiveCfg = Debug|x64
		{06356CF3-82E1-48A7-B1D1-0539B4AB2828}.Debug|Any CPU.Build.0 = Debug|x64
		{06356CF3-82E1-48A7-B1D1-0539B4AB2828}.Debug|Any CPU.Deploy.0 = Debug|x64
		{06356CF3-82E1-48A7-B1D1-0539B4AB2828}.Debug|ARM64.ActiveCfg = Debug|ARM64
		{06356CF3-82E1-48A7-B1D1-0539B4AB2828}.Debug|ARM64.Build.0 = Debug|ARM64
		{06356CF3-82E1-48A7-B1D1-0539B4AB2828}.Debug|ARM64.Deploy.0 = Debug|ARM64
		{06356CF3-82E1-48A7-B1D1-0539B4AB2828}.Debug|x64.ActiveCfg = Debug|x64
		{06356CF3-82E1-48A7-B1D1-0539B4AB2828}.Debug|x64.Build.0 = Debug|x64
		{06356CF3-82E1-48A7-B1D1-0539B4AB2828}.Debug|x64.Deploy.0 = Debug|x64
		{06356CF3-82E1-48A7-B1D1-0539B4AB2828}.Debug|x86.ActiveCfg = Debug|x86
		{06356CF3-82E1-48A7-B1D1-0539B4AB2828}.Debug|x86.Build.0 = Debug|x86
		{06356CF3-82E1-48A7-B1D1-0539B4AB2828}.Debug|x86.Deploy.0 = Debug|x86
		{06356CF3-82E1-48A7-B1D1-0539B4AB2828}.Release|Any CPU.ActiveCfg = Release|x64
		{06356CF3-82E1-48A7-B1D1-0539B4AB2828}.Release|Any CPU.Build.0 = Release|x64
		{06356CF3-82E1-48A7-B1D1-0539B4AB2828}.Release|Any CPU.Deploy.0 = Release|x64
		{06356CF3-82E1-48A7-B1D1-0539B4AB2828}.Release|ARM64.ActiveCfg = Release|ARM64
		{06356CF3-82E1-48A7-B1D1-0539B4AB2828}.Release|ARM64.Build.0 = Release|ARM64
		{06356CF3-82E1-48A7-B1D1-0539B4AB2828}.Release|ARM64.Deploy.0 = Release|ARM64
		{06356CF3-82E1-48A7-B1D1-0539B4AB2828}.Release|x64.ActiveCfg = Release|x64
		{06356CF3-82E1-48A7-B1D1-0539B4AB2828}.Release|x64.Build.0 = Release|x64
		{06356CF3-82E1-48A7-B1D1-0539B4AB2828}.Release|x64.Deploy.0 = Release|x64
		{06356CF3-82E1-48A7-B1D1-0539B4AB2828}.Release|x86.ActiveCfg = Release|x86
		{06356CF3-82E1-48A7-B1D1-0539B4AB2828}.Release|x86.Build.0 = Release|x86
		{06356CF3-82E1-48A7-B1D1-0539B4AB2828}.Release|x86.Deploy.0 = Release|x86
		{1632BA8D-B0EB-4907-A6B4-A7B9F225FE90}.Debug|Any CPU.ActiveCfg = Debug|Any CPU
		{1632BA8D-B0EB-4907-A6B4-A7B9F225FE90}.Debug|Any CPU.Build.0 = Debug|Any CPU
		{1632BA8D-B0EB-4907-A6B4-A7B9F225FE90}.Debug|ARM64.ActiveCfg = Debug|Any CPU
		{1632BA8D-B0EB-4907-A6B4-A7B9F225FE90}.Debug|ARM64.Build.0 = Debug|Any CPU
		{1632BA8D-B0EB-4907-A6B4-A7B9F225FE90}.Debug|x64.ActiveCfg = Debug|Any CPU
		{1632BA8D-B0EB-4907-A6B4-A7B9F225FE90}.Debug|x64.Build.0 = Debug|Any CPU
		{1632BA8D-B0EB-4907-A6B4-A7B9F225FE90}.Debug|x86.ActiveCfg = Debug|Any CPU
		{1632BA8D-B0EB-4907-A6B4-A7B9F225FE90}.Debug|x86.Build.0 = Debug|Any CPU
		{1632BA8D-B0EB-4907-A6B4-A7B9F225FE90}.Release|Any CPU.ActiveCfg = Release|Any CPU
		{1632BA8D-B0EB-4907-A6B4-A7B9F225FE90}.Release|Any CPU.Build.0 = Release|Any CPU
		{1632BA8D-B0EB-4907-A6B4-A7B9F225FE90}.Release|ARM64.ActiveCfg = Release|Any CPU
		{1632BA8D-B0EB-4907-A6B4-A7B9F225FE90}.Release|ARM64.Build.0 = Release|Any CPU
		{1632BA8D-B0EB-4907-A6B4-A7B9F225FE90}.Release|x64.ActiveCfg = Release|Any CPU
		{1632BA8D-B0EB-4907-A6B4-A7B9F225FE90}.Release|x64.Build.0 = Release|Any CPU
		{1632BA8D-B0EB-4907-A6B4-A7B9F225FE90}.Release|x86.ActiveCfg = Release|Any CPU
		{1632BA8D-B0EB-4907-A6B4-A7B9F225FE90}.Release|x86.Build.0 = Release|Any CPU
		{8B18A88C-084C-42F3-A970-1533E180B7D2}.Debug|Any CPU.ActiveCfg = Debug|Any CPU
		{8B18A88C-084C-42F3-A970-1533E180B7D2}.Debug|Any CPU.Build.0 = Debug|Any CPU
		{8B18A88C-084C-42F3-A970-1533E180B7D2}.Debug|ARM64.ActiveCfg = Debug|Any CPU
		{8B18A88C-084C-42F3-A970-1533E180B7D2}.Debug|ARM64.Build.0 = Debug|Any CPU
		{8B18A88C-084C-42F3-A970-1533E180B7D2}.Debug|x64.ActiveCfg = Debug|Any CPU
		{8B18A88C-084C-42F3-A970-1533E180B7D2}.Debug|x64.Build.0 = Debug|Any CPU
		{8B18A88C-084C-42F3-A970-1533E180B7D2}.Debug|x86.ActiveCfg = Debug|Any CPU
		{8B18A88C-084C-42F3-A970-1533E180B7D2}.Debug|x86.Build.0 = Debug|Any CPU
		{8B18A88C-084C-42F3-A970-1533E180B7D2}.Release|Any CPU.ActiveCfg = Release|Any CPU
		{8B18A88C-084C-42F3-A970-1533E180B7D2}.Release|Any CPU.Build.0 = Release|Any CPU
		{8B18A88C-084C-42F3-A970-1533E180B7D2}.Release|ARM64.ActiveCfg = Release|Any CPU
		{8B18A88C-084C-42F3-A970-1533E180B7D2}.Release|ARM64.Build.0 = Release|Any CPU
		{8B18A88C-084C-42F3-A970-1533E180B7D2}.Release|x64.ActiveCfg = Release|Any CPU
		{8B18A88C-084C-42F3-A970-1533E180B7D2}.Release|x64.Build.0 = Release|Any CPU
		{8B18A88C-084C-42F3-A970-1533E180B7D2}.Release|x86.ActiveCfg = Release|Any CPU
		{8B18A88C-084C-42F3-A970-1533E180B7D2}.Release|x86.Build.0 = Release|Any CPU
	EndGlobalSection
	GlobalSection(SolutionProperties) = preSolution
		HideSolutionNode = FALSE
	EndGlobalSection
	GlobalSection(ExtensibilityGlobals) = postSolution
		SolutionGuid = {ADFF257A-F389-425B-81C2-3FDDEEDDD14A}
	EndGlobalSection
EndGlobal
